schema: '2.0'
stages:
  preprocess:
    cmd: python -m src.data
    deps:
    - path: news.csv
      hash: md5
      md5: 349ef031d2d31c5ffccc7fd2476d0a12
      size: 97238817
    - path: src/__init__.py
      hash: md5
      md5: b93a891a0534ea3bb0af7bc1487c5007
      size: 477
    - path: src/data.py
      hash: md5
      md5: 40ee36c39e455c420c3f620e2ddb238b
      size: 8123
    outs:
    - path: data_processed/
      hash: md5
      md5: 061dc8b3f395e6d984a3b6dbf0e5f6e2.dir
      size: 6724967
      nfiles: 2
